
Microsoft Visual Studio Solution File, Format Version 12.00
# Visual Studio Version 17
VisualStudioVersion = 17.9.34728.123
MinimumVisualStudioVersion = 10.0.40219.1
Project("{9A19103F-16F7-4668-BE54-9A1E7A4F7556}") = "AudioBookManager", "AudioBookManager\AudioBookManager.csproj", "{46015410-D0A7-4960-92A8-665CE4C47A55}"
EndProject
Project("{9A19103F-16F7-4668-BE54-9A1E7A4F7556}") = "AudioBookManager.Core", "AudioBookManager.Core\AudioBookManager.Core.csproj", "{5658E012-1180-4269-8352-397B0C1788E1}"
EndProject
Project("{FAE04EC0-301F-11D3-BF4B-00C04F79EFBC}") = "AudioBookManager.Core.Tests", "AudioBookManager.Core.Tests\AudioBookManager.Core.Tests.csproj", "{89C00F7B-3EBC-4F50-B694-A8CC5B39752D}"
EndProject
Global
	GlobalSection(SolutionConfigurationPlatforms) = preSolution
		AudiobookFolder|Any CPU = AudiobookFolder|Any CPU
		AudiobookFolder|x64 = AudiobookFolder|x64
		AudiobookFolder|x86 = AudiobookFolder|x86
		Debug|Any CPU = Debug|Any CPU
		Debug|x64 = Debug|x64
		Debug|x86 = Debug|x86
		Release|Any CPU = Release|Any CPU
		Release|x64 = Release|x64
		Release|x86 = Release|x86
	EndGlobalSection
	GlobalSection(ProjectConfigurationPlatforms) = postSolution
		{46015410-D0A7-4960-92A8-665CE4C47A55}.AudiobookFolder|Any CPU.ActiveCfg = Release|Any CPU
		{46015410-D0A7-4960-92A8-665CE4C47A55}.AudiobookFolder|Any CPU.Build.0 = Release|Any CPU
		{46015410-D0A7-4960-92A8-665CE4C47A55}.AudiobookFolder|x64.ActiveCfg = AudiobookFolder|Any CPU
		{46015410-D0A7-4960-92A8-665CE4C47A55}.AudiobookFolder|x64.Build.0 = AudiobookFolder|Any CPU
		{46015410-D0A7-4960-92A8-665CE4C47A55}.AudiobookFolder|x86.ActiveCfg = AudiobookFolder|Any CPU
		{46015410-D0A7-4960-92A8-665CE4C47A55}.AudiobookFolder|x86.Build.0 = AudiobookFolder|Any CPU
		{46015410-D0A7-4960-92A8-665CE4C47A55}.Debug|Any CPU.ActiveCfg = Debug|Any CPU
		{46015410-D0A7-4960-92A8-665CE4C47A55}.Debug|Any CPU.Build.0 = Debug|Any CPU
		{46015410-D0A7-4960-92A8-665CE4C47A55}.Debug|x64.ActiveCfg = Debug|Any CPU
		{46015410-D0A7-4960-92A8-665CE4C47A55}.Debug|x64.Build.0 = Debug|Any CPU
		{46015410-D0A7-4960-92A8-665CE4C47A55}.Debug|x86.ActiveCfg = Debug|Any CPU
		{46015410-D0A7-4960-92A8-665CE4C47A55}.Debug|x86.Build.0 = Debug|Any CPU
		{46015410-D0A7-4960-92A8-665CE4C47A55}.Release|Any CPU.ActiveCfg = Release|Any CPU
		{46015410-D0A7-4960-92A8-665CE4C47A55}.Release|Any CPU.Build.0 = Release|Any CPU
		{46015410-D0A7-4960-92A8-665CE4C47A55}.Release|x64.ActiveCfg = Release|Any CPU
		{46015410-D0A7-4960-92A8-665CE4C47A55}.Release|x64.Build.0 = Release|Any CPU
		{46015410-D0A7-4960-92A8-665CE4C47A55}.Release|x86.ActiveCfg = Release|Any CPU
		{46015410-D0A7-4960-92A8-665CE4C47A55}.Release|x86.Build.0 = Release|Any CPU
		{5658E012-1180-4269-8352-397B0C1788E1}.AudiobookFolder|Any CPU.ActiveCfg = Debug|Any CPU
		{5658E012-1180-4269-8352-397B0C1788E1}.AudiobookFolder|Any CPU.Build.0 = Debug|Any CPU
		{5658E012-1180-4269-8352-397B0C1788E1}.AudiobookFolder|x64.ActiveCfg = AudiobookFolder|Any CPU
		{5658E012-1180-4269-8352-397B0C1788E1}.AudiobookFolder|x64.Build.0 = AudiobookFolder|Any CPU
		{5658E012-1180-4269-8352-397B0C1788E1}.AudiobookFolder|x86.ActiveCfg = AudiobookFolder|Any CPU
		{5658E012-1180-4269-8352-397B0C1788E1}.AudiobookFolder|x86.Build.0 = AudiobookFolder|Any CPU
		{5658E012-1180-4269-8352-397B0C1788E1}.Debug|Any CPU.ActiveCfg = Debug|Any CPU
		{5658E012-1180-4269-8352-397B0C1788E1}.Debug|Any CPU.Build.0 = Debug|Any CPU
		{5658E012-1180-4269-8352-397B0C1788E1}.Debug|x64.ActiveCfg = Debug|Any CPU
		{5658E012-1180-4269-8352-397B0C1788E1}.Debug|x64.Build.0 = Debug|Any CPU
		{5658E012-1180-4269-8352-397B0C1788E1}.Debug|x86.ActiveCfg = Debug|Any CPU
		{5658E012-1180-4269-8352-397B0C1788E1}.Debug|x86.Build.0 = Debug|Any CPU
		{5658E012-1180-4269-8352-397B0C1788E1}.Release|Any CPU.ActiveCfg = Release|Any CPU
		{5658E012-1180-4269-8352-397B0C1788E1}.Release|Any CPU.Build.0 = Release|Any CPU
		{5658E012-1180-4269-8352-397B0C1788E1}.Release|x64.ActiveCfg = Release|Any CPU
		{5658E012-1180-4269-8352-397B0C1788E1}.Release|x64.Build.0 = Release|Any CPU
		{5658E012-1180-4269-8352-397B0C1788E1}.Release|x86.ActiveCfg = Release|Any CPU
		{5658E012-1180-4269-8352-397B0C1788E1}.Release|x86.Build.0 = Release|Any CPU
		{89C00F7B-3EBC-4F50-B694-A8CC5B39752D}.AudiobookFolder|Any CPU.ActiveCfg = Debug|Any CPU
		{89C00F7B-3EBC-4F50-B694-A8CC5B39752D}.AudiobookFolder|Any CPU.Build.0 = Debug|Any CPU
		{89C00F7B-3EBC-4F50-B694-A8CC5B39752D}.AudiobookFolder|x64.ActiveCfg = Debug|Any CPU
		{89C00F7B-3EBC-4F50-B694-A8CC5B39752D}.AudiobookFolder|x64.Build.0 = Debug|Any CPU
		{89C00F7B-3EBC-4F50-B694-A8CC5B39752D}.AudiobookFolder|x86.ActiveCfg = Debug|Any CPU
		{89C00F7B-3EBC-4F50-B694-A8CC5B39752D}.AudiobookFolder|x86.Build.0 = Debug|Any CPU
		{89C00F7B-3EBC-4F50-B694-A8CC5B39752D}.Debug|Any CPU.ActiveCfg = Debug|Any CPU
		{89C00F7B-3EBC-4F50-B694-A8CC5B39752D}.Debug|Any CPU.Build.0 = Debug|Any CPU
		{89C00F7B-3EBC-4F50-B694-A8CC5B39752D}.Debug|x64.ActiveCfg = Debug|Any CPU
		{89C00F7B-3EBC-4F50-B694-A8CC5B39752D}.Debug|x64.Build.0 = Debug|Any CPU
		{89C00F7B-3EBC-4F50-B694-A8CC5B39752D}.Debug|x86.ActiveCfg = Debug|Any CPU
		{89C00F7B-3EBC-4F50-B694-A8CC5B39752D}.Debug|x86.Build.0 = Debug|Any CPU
		{89C00F7B-3EBC-4F50-B694-A8CC5B39752D}.Release|Any CPU.ActiveCfg = Release|Any CPU
		{89C00F7B-3EBC-4F50-B694-A8CC5B39752D}.Release|Any CPU.Build.0 = Release|Any CPU
		{89C00F7B-3EBC-4F50-B694-A8CC5B39752D}.Release|x64.ActiveCfg = Release|Any CPU
		{89C00F7B-3EBC-4F50-B694-A8CC5B39752D}.Release|x64.Build.0 = Release|Any CPU
		{89C00F7B-3EBC-4F50-B694-A8CC5B39752D}.Release|x86.ActiveCfg = Release|Any CPU
		{89C00F7B-3EBC-4F50-B694-A8CC5B39752D}.Release|x86.Build.0 = Release|Any CPU
	EndGlobalSection
	GlobalSection(SolutionProperties) = preSolution
		HideSolutionNode = FALSE
	EndGlobalSection
	GlobalSection(ExtensibilityGlobals) = postSolution
		SolutionGuid = {2A2E9831-CAC3-4F8E-93BD-F79C096FA7AA}
	EndGlobalSection
EndGlobal
